{
  "nodes": {
    "base16-schemes": {
      "flake": false,
      "locked": {
        "lastModified": 1689473676,
        "narHash": "sha256-L0RhUr9+W5EPWBpLcmkKpUeCEWRs/kLzVMF3Vao2ZU0=",
        "owner": "tinted-theming",
        "repo": "base16-schemes",
        "rev": "d95123ca6377cd849cfdce92c0a24406b0c6a789",
        "type": "github"
      },
      "original": {
        "owner": "tinted-theming",
        "repo": "base16-schemes",
        "type": "github"
      }
    },
    "catppuccin-alacritty": {
      "flake": false,
      "locked": {
        "lastModified": 1705368763,
        "narHash": "sha256-ypYaxlsDjI++6YNcE+TxBSnlUXKKuAMmLQ4H74T/eLw=",
        "owner": "catppuccin",
        "repo": "alacritty",
        "rev": "f2da554ee63690712274971dd9ce0217895f5ee0",
        "type": "github"
      },
      "original": {
        "owner": "catppuccin",
        "repo": "alacritty",
        "type": "github"
      }
    },
    "catppuccin-bat": {
      "flake": false,
      "locked": {
        "lastModified": 1668065083,
        "narHash": "sha256-6WVKQErGdaqb++oaXnY3i6/GuH2FhTgK0v4TN4Y0Wbw=",
        "owner": "catppuccin",
        "repo": "bat",
        "rev": "ba4d16880d63e656acced2b7d4e034e4a93f74b1",
        "type": "github"
      },
      "original": {
        "owner": "catppuccin",
        "repo": "bat",
        "type": "github"
      }
    },
    "catppuccin-btop": {
      "flake": false,
      "locked": {
        "lastModified": 1696688295,
        "narHash": "sha256-jodJl4f2T9ViNqsY9fk8IV62CrpC5hy7WK3aRpu70Cs=",
        "owner": "catppuccin",
        "repo": "btop",
        "rev": "c6469190f2ecf25f017d6120bf4e050e6b1d17af",
        "type": "github"
      },
      "original": {
        "owner": "catppuccin",
        "repo": "btop",
        "type": "github"
      }
    },
    "catppuccin-cava": {
      "flake": false,
      "locked": {
        "lastModified": 1665489380,
        "narHash": "sha256-hYC6ExtroRy2UoxGNHAzKm9MlTdJSegUWToat4VoN20=",
        "owner": "catppuccin",
        "repo": "cava",
        "rev": "ad3301b50786e22e31cbf4316985827d6f05845e",
        "type": "github"
      },
      "original": {
        "owner": "catppuccin",
        "repo": "cava",
        "type": "github"
      }
    },
    "catppuccin-fcitx5": {
      "flake": false,
      "locked": {
        "lastModified": 1664946380,
        "narHash": "sha256-uFaCbyrEjv4oiKUzLVFzw+UY54/h7wh2cntqeyYwGps=",
        "owner": "catppuccin",
        "repo": "fcitx5",
        "rev": "ce244cfdf43a648d984719fdfd1d60aab09f5c97",
        "type": "github"
      },
      "original": {
        "owner": "catppuccin",
        "repo": "fcitx5",
        "type": "github"
      }
    },
    "catppuccin-helix": {
      "flake": false,
      "locked": {
        "lastModified": 1697816303,
        "narHash": "sha256-qEXhj/Mpm+aqThqEq5DlPJD8nsbPov9CNMgG9s4E02g=",
        "owner": "catppuccin",
        "repo": "helix",
        "rev": "8313c7250fcbbb22c6680db332669073ec6b28c2",
        "type": "github"
      },
      "original": {
        "owner": "catppuccin",
        "repo": "helix",
        "type": "github"
      }
    },
    "catppuccin-hyprland": {
      "flake": false,
      "locked": {
        "lastModified": 1702668781,
        "narHash": "sha256-9BhZq9J1LmHfAPBqOr64chiAEzS+YV6zqe9ma95V3no=",
        "owner": "catppuccin",
        "repo": "hyprland",
        "rev": "fc228737d3d0c12e34a7fa155a0fc3192e5e4017",
        "type": "github"
      },
      "original": {
        "owner": "catppuccin",
        "repo": "hyprland",
        "type": "github"
      }
    },
    "catppuccin-starship": {
      "flake": false,
      "locked": {
        "lastModified": 1689246850,
        "narHash": "sha256-nsRuxQFKbQkyEI4TXgvAjcroVdG+heKX5Pauq/4Ota0=",
        "owner": "catppuccin",
        "repo": "starship",
        "rev": "5629d2356f62a9f2f8efad3ff37476c19969bd4f",
        "type": "github"
      },
      "original": {
        "owner": "catppuccin",
        "repo": "starship",
        "type": "github"
      }
    },
    "catppuccin-wezterm": {
      "flake": false,
      "locked": {
        "lastModified": 1681259790,
        "narHash": "sha256-McSWoZaJeK+oqdK/0vjiRxZGuLBpEB10Zg4+7p5dIGY=",
        "owner": "catppuccin",
        "repo": "wezterm",
        "rev": "b1a81bae74d66eaae16457f2d8f151b5bd4fe5da",
        "type": "github"
      },
      "original": {
        "owner": "catppuccin",
        "repo": "wezterm",
        "type": "github"
      }
    },
    "cattppuccin-k9s": {
      "flake": false,
      "locked": {
        "lastModified": 1704757062,
        "narHash": "sha256-EBDciL3F6xVFXvND+5duT+OiVDWKkFMWbOOSruQ0lus=",
        "owner": "catppuccin",
        "repo": "k9s",
        "rev": "590a762110ad4b6ceff274265f2fe174c576ce96",
        "type": "github"
      },
      "original": {
        "owner": "catppuccin",
        "repo": "k9s",
        "type": "github"
      }
    },
    "flake-parts": {
      "inputs": {
        "nixpkgs-lib": "nixpkgs-lib_2"
      },
      "locked": {
        "lastModified": 1704982712,
        "narHash": "sha256-2Ptt+9h8dczgle2Oo6z5ni5rt/uLMG47UFTR1ry/wgg=",
        "owner": "hercules-ci",
        "repo": "flake-parts",
        "rev": "07f6395285469419cf9d078f59b5b49993198c00",
        "type": "github"
      },
      "original": {
        "owner": "hercules-ci",
        "repo": "flake-parts",
        "type": "github"
      }
    },
    "hardware": {
      "locked": {
        "lastModified": 1705312285,
        "narHash": "sha256-rd+dY+v61Y8w3u9bukO/hB55Xl4wXv4/yC8rCGVnK5U=",
        "owner": "nixos",
        "repo": "nixos-hardware",
        "rev": "bee2202bec57e521e3bd8acd526884b9767d7fa0",
        "type": "github"
      },
      "original": {
        "owner": "nixos",
        "repo": "nixos-hardware",
        "type": "github"
      }
    },
    "home-manager": {
      "inputs": {
        "nixpkgs": [
          "nixpkgs"
        ]
      },
      "locked": {
        "lastModified": 1702195668,
        "narHash": "sha256-Lxmjez0nfNBptdqV5GsXKm7Bb7swjGsrxiLxWJu0tL8=",
        "owner": "nix-community",
        "repo": "home-manager",
        "rev": "33110fb3c7fe6a94b98b641866a5eddb64b7c23f",
        "type": "github"
      },
      "original": {
        "owner": "nix-community",
        "ref": "release-23.05",
        "repo": "home-manager",
        "type": "github"
      }
    },
    "nix-colors": {
      "inputs": {
        "base16-schemes": "base16-schemes",
        "nixpkgs-lib": "nixpkgs-lib"
      },
      "locked": {
        "lastModified": 1695388192,
        "narHash": "sha256-2jelpE7xK+4M7jZNyWL7QYOYegQLYBDQS5bvdo8XRUQ=",
        "owner": "misterio77",
        "repo": "nix-colors",
        "rev": "37227f274b34a3b51649166deb94ce7fec2c6a4c",
        "type": "github"
      },
      "original": {
        "owner": "misterio77",
        "repo": "nix-colors",
        "type": "github"
      }
    },
    "nix-gaming": {
      "inputs": {
        "flake-parts": "flake-parts",
        "nixpkgs": "nixpkgs"
      },
      "locked": {
        "lastModified": 1705540761,
        "narHash": "sha256-Bj5XUG194u0AC0KL4d+nmX3Xuz56u0PVzTFYYHdqh7o=",
        "owner": "fufexan",
        "repo": "nix-gaming",
        "rev": "184c9a3f7c289f12d2732bcd6b24f0967f4a380f",
        "type": "github"
      },
      "original": {
        "owner": "fufexan",
        "repo": "nix-gaming",
        "type": "github"
      }
    },
    "nixos-hardware": {
      "locked": {
        "lastModified": 1705312285,
        "narHash": "sha256-rd+dY+v61Y8w3u9bukO/hB55Xl4wXv4/yC8rCGVnK5U=",
        "owner": "NixOS",
        "repo": "nixos-hardware",
        "rev": "bee2202bec57e521e3bd8acd526884b9767d7fa0",
        "type": "github"
      },
      "original": {
        "owner": "NixOS",
        "ref": "master",
        "repo": "nixos-hardware",
        "type": "github"
      }
    },
    "nixpkgs": {
      "locked": {
        "lastModified": 1704842529,
        "narHash": "sha256-OTeQA+F8d/Evad33JMfuXC89VMetQbsU4qcaePchGr4=",
        "owner": "NixOS",
        "repo": "nixpkgs",
        "rev": "eabe8d3eface69f5bb16c18f8662a702f50c20d5",
        "type": "github"
      },
      "original": {
        "owner": "NixOS",
        "ref": "nixpkgs-unstable",
        "repo": "nixpkgs",
        "type": "github"
      }
    },
    "nixpkgs-lib": {
      "locked": {
        "lastModified": 1694911725,
        "narHash": "sha256-8YqI+YU1DGclEjHsnrrGfqsQg3Wyga1DfTbJrN3Ud0c=",
        "owner": "nix-community",
        "repo": "nixpkgs.lib",
        "rev": "819180647f428a3826bfc917a54449da1e532ce0",
        "type": "github"
      },
      "original": {
        "owner": "nix-community",
        "repo": "nixpkgs.lib",
        "type": "github"
      }
    },
    "nixpkgs-lib_2": {
      "locked": {
        "dir": "lib",
        "lastModified": 1703961334,
        "narHash": "sha256-M1mV/Cq+pgjk0rt6VxoyyD+O8cOUiai8t9Q6Yyq4noY=",
        "owner": "NixOS",
        "repo": "nixpkgs",
        "rev": "b0d36bd0a420ecee3bc916c91886caca87c894e9",
        "type": "github"
      },
      "original": {
        "dir": "lib",
        "owner": "NixOS",
        "ref": "nixos-unstable",
        "repo": "nixpkgs",
        "type": "github"
      }
    },
    "nixpkgs-stable": {
      "locked": {
        "lastModified": 1685566663,
        "narHash": "sha256-btHN1czJ6rzteeCuE/PNrdssqYD2nIA4w48miQAFloM=",
        "owner": "nixos",
        "repo": "nixpkgs",
        "rev": "4ecab3273592f27479a583fb6d975d4aba3486fe",
        "type": "github"
      },
      "original": {
        "owner": "nixos",
        "ref": "23.05",
        "repo": "nixpkgs",
        "type": "github"
      }
    },
    "nixpkgs-unstable": {
      "locked": {
        "lastModified": 1705674308,
        "narHash": "sha256-KGD0j/JLBcz9ayktil55Lor1MELYFzlTwnH6ZaqXEzU=",
        "owner": "NixOS",
        "repo": "nixpkgs",
        "rev": "066151e0de86260d87852c096ded2cd55af49bcf",
        "type": "github"
      },
      "original": {
        "owner": "NixOS",
        "ref": "master",
        "repo": "nixpkgs",
        "type": "github"
      }
    },
    "nixpkgs_2": {
      "locked": {
        "lastModified": 1685566663,
        "narHash": "sha256-btHN1czJ6rzteeCuE/PNrdssqYD2nIA4w48miQAFloM=",
        "owner": "nixos",
        "repo": "nixpkgs",
        "rev": "4ecab3273592f27479a583fb6d975d4aba3486fe",
        "type": "github"
      },
      "original": {
        "owner": "nixos",
        "ref": "23.05",
        "repo": "nixpkgs",
        "type": "github"
      }
    },
    "root": {
      "inputs": {
        "catppuccin-alacritty": "catppuccin-alacritty",
        "catppuccin-bat": "catppuccin-bat",
        "catppuccin-btop": "catppuccin-btop",
        "catppuccin-cava": "catppuccin-cava",
        "catppuccin-fcitx5": "catppuccin-fcitx5",
        "catppuccin-helix": "catppuccin-helix",
        "catppuccin-hyprland": "catppuccin-hyprland",
        "catppuccin-starship": "catppuccin-starship",
        "catppuccin-wezterm": "catppuccin-wezterm",
        "cattppuccin-k9s": "cattppuccin-k9s",
        "hardware": "hardware",
        "home-manager": "home-manager",
        "nix-colors": "nix-colors",
        "nix-gaming": "nix-gaming",
        "nixos-hardware": "nixos-hardware",
        "nixpkgs": "nixpkgs_2",
        "nixpkgs-stable": "nixpkgs-stable",
        "nixpkgs-unstable": "nixpkgs-unstable"
      }
    }
  },
  "root": "root",
  "version": 7
}
